
Microsoft Visual Studio Solution File, Format Version 12.00
# Visual Studio Version 16
VisualStudioVersion = 16.0.30413.136
MinimumVisualStudioVersion = 10.0.40219.1
Project("{FAE04EC0-301F-11D3-BF4B-00C04F79EFBC}") = "HWCAL", "HWCAL.csproj", "{831AEB52-F290-4D11-811D-B33E27DC8EF5}"
EndProject
Global
	GlobalSection(SolutionConfigurationPlatforms) = preSolution
		Debug|Any CPU = Debug|Any CPU
		Release|Any CPU = Release|Any CPU
	EndGlobalSection
	GlobalSection(ProjectConfigurationPlatforms) = postSolution
		{831AEB52-F290-4D11-811D-B33E27DC8EF5}.Debug|Any CPU.ActiveCfg = Debug|Any CPU
		{831AEB52-F290-4D11-811D-B33E27DC8EF5}.Debug|Any CPU.Build.0 = Debug|Any CPU
		{831AEB52-F290-4D11-811D-B33E27DC8EF5}.Release|Any CPU.ActiveCfg = Release|Any CPU
		{831AEB52-F290-4D11-811D-B33E27DC8EF5}.Release|Any CPU.Build.0 = Release|Any CPU
	EndGlobalSection
	GlobalSection(SolutionProperties) = preSolution
		HideSolutionNode = FALSE
	EndGlobalSection
	GlobalSection(ExtensibilityGlobals) = postSolution
		SolutionGuid = {ADA4D412-062A-4FB0-94C5-B2FB83850C61}
	EndGlobalSection
EndGlobal
